
Microsoft Visual Studio Solution File, Format Version 12.00
# Visual Studio Version 17
VisualStudioVersion = 17.2.32616.157
MinimumVisualStudioVersion = 10.0.40219.1
Project("{FAE04EC0-301F-11D3-BF4B-00C04F79EFBC}") = "EmailProducer", "EmailProducer.csproj", "{252020A1-E07B-4FCC-8079-DA9F961812D8}"
EndProject
Project("{FAE04EC0-301F-11D3-BF4B-00C04F79EFBC}") = "EmailService", "..\EmailService\EmailService.csproj", "{76EC2484-78D4-45AF-B39C-923607B91FC2}"
EndProject
Global
	GlobalSection(SolutionConfigurationPlatforms) = preSolution
		Debug|Any CPU = Debug|Any CPU
		Release|Any CPU = Release|Any CPU
	EndGlobalSection
	GlobalSection(ProjectConfigurationPlatforms) = postSolution
		{252020A1-E07B-4FCC-8079-DA9F961812D8}.Debug|Any CPU.ActiveCfg = Debug|Any CPU
		{252020A1-E07B-4FCC-8079-DA9F961812D8}.Debug|Any CPU.Build.0 = Debug|Any CPU
		{252020A1-E07B-4FCC-8079-DA9F961812D8}.Release|Any CPU.ActiveCfg = Release|Any CPU
		{252020A1-E07B-4FCC-8079-DA9F961812D8}.Release|Any CPU.Build.0 = Release|Any CPU
		{76EC2484-78D4-45AF-B39C-923607B91FC2}.Debug|Any CPU.ActiveCfg = Debug|Any CPU
		{76EC2484-78D4-45AF-B39C-923607B91FC2}.Debug|Any CPU.Build.0 = Debug|Any CPU
		{76EC2484-78D4-45AF-B39C-923607B91FC2}.Release|Any CPU.ActiveCfg = Release|Any CPU
		{76EC2484-78D4-45AF-B39C-923607B91FC2}.Release|Any CPU.Build.0 = Release|Any CPU
	EndGlobalSection
	GlobalSection(SolutionProperties) = preSolution
		HideSolutionNode = FALSE
	EndGlobalSection
	GlobalSection(ExtensibilityGlobals) = postSolution
		SolutionGuid = {722A44F3-B566-46B9-8AE9-D873578B0D9F}
	EndGlobalSection
EndGlobal
